
Microsoft Visual Studio Solution File, Format Version 12.00
# Visual Studio Version 17
VisualStudioVersion = 17.9.34728.123
MinimumVisualStudioVersion = 10.0.40219.1
Project("{9A19103F-16F7-4668-BE54-9A1E7A4F7556}") = "GameZone", "GameZone\GameZone.csproj", "{5FB027DD-EAD2-4306-B3DC-6900771F87BD}"
EndProject
Project("{FAE04EC0-301F-11D3-BF4B-00C04F79EFBC}") = "GameZone.DataAccess", "GameZone.DataAccess\GameZone.DataAccess.csproj", "{555C8B17-385C-4129-A05E-3B5A7B305179}"
EndProject
Project("{FAE04EC0-301F-11D3-BF4B-00C04F79EFBC}") = "GameZone.Entities", "GameZone.Entities\GameZone.Entities.csproj", "{1BBBE6B9-973A-47CF-98DB-3386C8B681A6}"
EndProject
Global
	GlobalSection(SolutionConfigurationPlatforms) = preSolution
		Debug|Any CPU = Debug|Any CPU
		Release|Any CPU = Release|Any CPU
	EndGlobalSection
	GlobalSection(ProjectConfigurationPlatforms) = postSolution
		{5FB027DD-EAD2-4306-B3DC-6900771F87BD}.Debug|Any CPU.ActiveCfg = Debug|Any CPU
		{5FB027DD-EAD2-4306-B3DC-6900771F87BD}.Debug|Any CPU.Build.0 = Debug|Any CPU
		{5FB027DD-EAD2-4306-B3DC-6900771F87BD}.Release|Any CPU.ActiveCfg = Release|Any CPU
		{5FB027DD-EAD2-4306-B3DC-6900771F87BD}.Release|Any CPU.Build.0 = Release|Any CPU
		{555C8B17-385C-4129-A05E-3B5A7B305179}.Debug|Any CPU.ActiveCfg = Debug|Any CPU
		{555C8B17-385C-4129-A05E-3B5A7B305179}.Debug|Any CPU.Build.0 = Debug|Any CPU
		{555C8B17-385C-4129-A05E-3B5A7B305179}.Release|Any CPU.ActiveCfg = Release|Any CPU
		{555C8B17-385C-4129-A05E-3B5A7B305179}.Release|Any CPU.Build.0 = Release|Any CPU
		{1BBBE6B9-973A-47CF-98DB-3386C8B681A6}.Debug|Any CPU.ActiveCfg = Debug|Any CPU
		{1BBBE6B9-973A-47CF-98DB-3386C8B681A6}.Debug|Any CPU.Build.0 = Debug|Any CPU
		{1BBBE6B9-973A-47CF-98DB-3386C8B681A6}.Release|Any CPU.ActiveCfg = Release|Any CPU
		{1BBBE6B9-973A-47CF-98DB-3386C8B681A6}.Release|Any CPU.Build.0 = Release|Any CPU
	EndGlobalSection
	GlobalSection(SolutionProperties) = preSolution
		HideSolutionNode = FALSE
	EndGlobalSection
	GlobalSection(ExtensibilityGlobals) = postSolution
		SolutionGuid = {15CA28D8-F14F-4EDC-9D70-4A499C0C592A}
	EndGlobalSection
EndGlobal
